
Microsoft Visual Studio Solution File, Format Version 12.00
# Visual Studio Version 16
VisualStudioVersion = 16.0.29613.14
MinimumVisualStudioVersion = 10.0.40219.1
Project("{FAE04EC0-301F-11D3-BF4B-00C04F79EFBC}") = "WebApi-Budget", "WebApi-Budget\WebApi-Budget.csproj", "{2E0703A3-4B57-43FB-8D8E-FC052E073BF7}"
EndProject
Global
	GlobalSection(SolutionConfigurationPlatforms) = preSolution
		Debug|Any CPU = Debug|Any CPU
		Release|Any CPU = Release|Any CPU
	EndGlobalSection
	GlobalSection(ProjectConfigurationPlatforms) = postSolution
		{2E0703A3-4B57-43FB-8D8E-FC052E073BF7}.Debug|Any CPU.ActiveCfg = Debug|Any CPU
		{2E0703A3-4B57-43FB-8D8E-FC052E073BF7}.Debug|Any CPU.Build.0 = Debug|Any CPU
		{2E0703A3-4B57-43FB-8D8E-FC052E073BF7}.Release|Any CPU.ActiveCfg = Release|Any CPU
		{2E0703A3-4B57-43FB-8D8E-FC052E073BF7}.Release|Any CPU.Build.0 = Release|Any CPU
	EndGlobalSection
	GlobalSection(SolutionProperties) = preSolution
		HideSolutionNode = FALSE
	EndGlobalSection
	GlobalSection(ExtensibilityGlobals) = postSolution
		SolutionGuid = {82A83DE2-A155-4D24-94E8-FA4B922A4318}
	EndGlobalSection
EndGlobal
